
Microsoft Visual Studio Solution File, Format Version 12.00
# Visual Studio Version 17
VisualStudioVersion = 17.4.33403.182
MinimumVisualStudioVersion = 10.0.40219.1
Project("{FAE04EC0-301F-11D3-BF4B-00C04F79EFBC}") = "MyStore", "MySore\MyStore.csproj", "{7FE3244E-7477-49CA-8C06-DD1D67B0FEFD}"
EndProject
Global
	GlobalSection(SolutionConfigurationPlatforms) = preSolution
		Debug|Any CPU = Debug|Any CPU
		Release|Any CPU = Release|Any CPU
	EndGlobalSection
	GlobalSection(ProjectConfigurationPlatforms) = postSolution
		{7FE3244E-7477-49CA-8C06-DD1D67B0FEFD}.Debug|Any CPU.ActiveCfg = Debug|Any CPU
		{7FE3244E-7477-49CA-8C06-DD1D67B0FEFD}.Debug|Any CPU.Build.0 = Debug|Any CPU
		{7FE3244E-7477-49CA-8C06-DD1D67B0FEFD}.Release|Any CPU.ActiveCfg = Release|Any CPU
		{7FE3244E-7477-49CA-8C06-DD1D67B0FEFD}.Release|Any CPU.Build.0 = Release|Any CPU
	EndGlobalSection
	GlobalSection(SolutionProperties) = preSolution
		HideSolutionNode = FALSE
	EndGlobalSection
	GlobalSection(ExtensibilityGlobals) = postSolution
		SolutionGuid = {58B3E440-9441-42F8-A1E5-DEAC3D0D47F3}
	EndGlobalSection
EndGlobal
